{
  "version": 4,
  "terraform_version": "0.13.7",
  "serial": 20,
  "lineage": "ef003b54-c91a-3f2f-af7f-6c465256373a",
  "outputs": {
    "iam_role_arns": {
      "value": [
        "arn:aws:iam::641282393887:role/test-role-641282393887-0"
      ],
      "type": [
        "tuple",
        [
          "string"
        ]
      ]
    },
    "iam_user_names": {
      "value": [
        "testing-user-0"
      ],
      "type": [
        "tuple",
        [
          "string"
        ]
      ]
    },
    "s3bucket_ids": {
      "value": [
        "test-641282393887-0"
      ],
      "type": [
        "tuple",
        [
          "string"
        ]
      ]
    },
    "sgids": {
      "value": [
        "sg-003baf2cf2a484724"
      ],
      "type": [
        "tuple",
        [
          "string"
        ]
      ]
    }
  },
  "resources": [
    {
      "module": "module.iam_roles",
      "mode": "managed",
      "type": "aws_iam_role",
      "name": "test_role",
      "provider": "provider[\"registry.terraform.io/hashicorp/aws\"].crossaccount",
      "instances": [
        {
          "index_key": 0,
          "schema_version": 0,
          "attributes": {
            "arn": "arn:aws:iam::641282393887:role/test-role-641282393887-0",
            "assume_role_policy": "{\"Version\":\"2012-10-17\",\"Statement\":[{\"Sid\":\"\",\"Effect\":\"Allow\",\"Principal\":{\"Service\":\"ec2.amazonaws.com\"},\"Action\":\"sts:AssumeRole\"}]}",
            "create_date": "2021-09-20T09:49:29Z",
            "description": "",
            "force_detach_policies": false,
            "id": "test-role-641282393887-0",
            "inline_policy": [
              {
                "name": "",
                "policy": ""
              }
            ],
            "managed_policy_arns": [],
            "max_session_duration": 3600,
            "name": "test-role-641282393887-0",
            "name_prefix": "",
            "path": "/",
            "permissions_boundary": null,
            "tags": null,
            "tags_all": {},
            "unique_id": "AROAZKT3IY4PWBBNA6QVD"
          },
          "private": "bnVsbA=="
        }
      ]
    },
    {
      "module": "module.iam_user",
      "mode": "managed",
      "type": "aws_iam_user",
      "name": "iam_user",
      "provider": "provider[\"registry.terraform.io/hashicorp/aws\"].crossaccount",
      "instances": [
        {
          "index_key": 0,
          "schema_version": 0,
          "attributes": {
            "arn": "arn:aws:iam::641282393887:user/testing-user-0",
            "force_destroy": false,
            "id": "testing-user-0",
            "name": "testing-user-0",
            "path": "/",
            "permissions_boundary": null,
            "tags": null,
            "tags_all": {},
            "unique_id": "AIDAZKT3IY4PWJOX6S6AZ"
          },
          "private": "bnVsbA=="
        }
      ]
    },
    {
      "module": "module.s3",
      "mode": "managed",
      "type": "aws_s3_bucket",
      "name": "s3bucketonly",
      "provider": "provider[\"registry.terraform.io/hashicorp/aws\"].crossaccount",
      "instances": [
        {
          "index_key": 0,
          "schema_version": 0,
          "attributes": {
            "acceleration_status": "",
            "acl": "private",
            "arn": "arn:aws:s3:::test-641282393887-0",
            "bucket": "test-641282393887-0",
            "bucket_domain_name": "test-641282393887-0.s3.amazonaws.com",
            "bucket_prefix": null,
            "bucket_regional_domain_name": "test-641282393887-0.s3.amazonaws.com",
            "cors_rule": [],
            "force_destroy": false,
            "grant": [],
            "hosted_zone_id": "Z3AQBSTGFYJSTF",
            "id": "test-641282393887-0",
            "lifecycle_rule": [],
            "logging": [],
            "object_lock_configuration": [],
            "policy": null,
            "region": "us-east-1",
            "replication_configuration": [],
            "request_payer": "BucketOwner",
            "server_side_encryption_configuration": [],
            "tags": {},
            "tags_all": {},
            "versioning": [
              {
                "enabled": false,
                "mfa_delete": false
              }
            ],
            "website": [],
            "website_domain": null,
            "website_endpoint": null
          },
          "private": "bnVsbA=="
        }
      ]
    },
    {
      "module": "module.security_groups",
      "mode": "data",
      "type": "aws_vpcs",
      "name": "vpc_info",
      "provider": "provider[\"registry.terraform.io/hashicorp/aws\"].crossaccount",
      "instances": [
        {
          "schema_version": 0,
          "attributes": {
            "filter": [
              {
                "name": "is-default",
                "values": [
                  "true"
                ]
              }
            ],
            "id": "us-east-1",
            "ids": [
              "vpc-b303b6ce"
            ],
            "tags": null
          }
        }
      ]
    },
    {
      "module": "module.security_groups",
      "mode": "managed",
      "type": "aws_security_group",
      "name": "sg",
      "provider": "provider[\"registry.terraform.io/hashicorp/aws\"].crossaccount",
      "instances": [
        {
          "index_key": 0,
          "schema_version": 1,
          "attributes": {
            "arn": "arn:aws:ec2:us-east-1:641282393887:security-group/sg-003baf2cf2a484724",
            "description": "Managed by Terraform",
            "egress": [],
            "id": "sg-003baf2cf2a484724",
            "ingress": [],
            "name": "testsg-641282393887-0",
            "name_prefix": "",
            "owner_id": "641282393887",
            "revoke_rules_on_delete": false,
            "tags": {
              "Name": "testsg-641282393887-0"
            },
            "tags_all": {
              "Name": "testsg-641282393887-0"
            },
            "timeouts": null,
            "vpc_id": "vpc-b303b6ce"
          },
          "private": "eyJlMmJmYjczMC1lY2FhLTExZTYtOGY4OC0zNDM2M2JjN2M0YzAiOnsiY3JlYXRlIjo2MDAwMDAwMDAwMDAsImRlbGV0ZSI6OTAwMDAwMDAwMDAwfSwic2NoZW1hX3ZlcnNpb24iOiIxIn0=",
          "dependencies": [
            "module.security_groups.data.aws_vpcs.vpc_info"
          ]
        }
      ]
    }
  ]
}
